
Microsoft Visual Studio Solution File, Format Version 12.00
# Visual Studio Version 17
VisualStudioVersion = 17.5.33516.290
MinimumVisualStudioVersion = 10.0.40219.1
Project("{2150E333-8FDC-42A3-9474-1A3956D46DE8}") = "Core", "Core", "{7E27A1B3-5B8D-4722-BC3E-FB7CE9C08CA8}"
EndProject
Project("{2150E333-8FDC-42A3-9474-1A3956D46DE8}") = "Services", "Services", "{4419B31B-7F33-44EA-BB1F-6B0575D46BD9}"
EndProject
Project("{2150E333-8FDC-42A3-9474-1A3956D46DE8}") = "Construction", "Construction", "{F4856035-DCEF-4321-82A7-61138E193AE7}"
EndProject
Project("{9A19103F-16F7-4668-BE54-9A1E7A4F7556}") = "Construction.API", "Construction.API\Construction.API.csproj", "{88363EC4-F7A8-4AEE-B117-8197CFA655D1}"
EndProject
Project("{9A19103F-16F7-4668-BE54-9A1E7A4F7556}") = "Construction.Gateway", "Construction.Gateway\Construction.Gateway.csproj", "{5FEC460A-2868-49AE-8370-48C68F808AF0}"
EndProject
Project("{2150E333-8FDC-42A3-9474-1A3956D46DE8}") = "Contractor", "Contractor", "{E1D4CEA1-2FE2-4526-BB9D-8F4DB7DB75E7}"
EndProject
Project("{FAE04EC0-301F-11D3-BF4B-00C04F79EFBC}") = "Contractor.API", "Contractor.API\Contractor.API.csproj", "{2F31D52D-C167-4F30-BD9F-0F2DF66BB4B8}"
EndProject
Project("{2150E333-8FDC-42A3-9474-1A3956D46DE8}") = "Client", "Client", "{EB36CF00-FDD1-49F4-AFB1-524CAEC18E21}"
EndProject
Project("{FAE04EC0-301F-11D3-BF4B-00C04F79EFBC}") = "Client.API", "Client.API\Client.API.csproj", "{063349A3-FC55-460E-9E21-78C4D2AA7B81}"
EndProject
Project("{FAE04EC0-301F-11D3-BF4B-00C04F79EFBC}") = "Common", "Common\Common.csproj", "{DE810DF3-0520-4782-9444-A00E2FA44A44}"
EndProject
Project("{FAE04EC0-301F-11D3-BF4B-00C04F79EFBC}") = "Client.Repository", "Client.Repository\Client.Repository.csproj", "{8146AE4B-9499-43F4-9DD7-65045BE716B5}"
EndProject
Project("{2150E333-8FDC-42A3-9474-1A3956D46DE8}") = "Payments", "Payments", "{6119553A-FE51-4E23-A9DA-F4ED7583ADF6}"
EndProject
Project("{FAE04EC0-301F-11D3-BF4B-00C04F79EFBC}") = "Payments.API", "Payments.API\Payments.API.csproj", "{8D5012BA-9274-4F65-889A-A1FC273EF549}"
EndProject
Global
	GlobalSection(SolutionConfigurationPlatforms) = preSolution
		Debug|Any CPU = Debug|Any CPU
		Release|Any CPU = Release|Any CPU
	EndGlobalSection
	GlobalSection(ProjectConfigurationPlatforms) = postSolution
		{88363EC4-F7A8-4AEE-B117-8197CFA655D1}.Debug|Any CPU.ActiveCfg = Debug|Any CPU
		{88363EC4-F7A8-4AEE-B117-8197CFA655D1}.Debug|Any CPU.Build.0 = Debug|Any CPU
		{88363EC4-F7A8-4AEE-B117-8197CFA655D1}.Release|Any CPU.ActiveCfg = Release|Any CPU
		{88363EC4-F7A8-4AEE-B117-8197CFA655D1}.Release|Any CPU.Build.0 = Release|Any CPU
		{5FEC460A-2868-49AE-8370-48C68F808AF0}.Debug|Any CPU.ActiveCfg = Debug|Any CPU
		{5FEC460A-2868-49AE-8370-48C68F808AF0}.Debug|Any CPU.Build.0 = Debug|Any CPU
		{5FEC460A-2868-49AE-8370-48C68F808AF0}.Release|Any CPU.ActiveCfg = Release|Any CPU
		{5FEC460A-2868-49AE-8370-48C68F808AF0}.Release|Any CPU.Build.0 = Release|Any CPU
		{2F31D52D-C167-4F30-BD9F-0F2DF66BB4B8}.Debug|Any CPU.ActiveCfg = Debug|Any CPU
		{2F31D52D-C167-4F30-BD9F-0F2DF66BB4B8}.Debug|Any CPU.Build.0 = Debug|Any CPU
		{2F31D52D-C167-4F30-BD9F-0F2DF66BB4B8}.Release|Any CPU.ActiveCfg = Release|Any CPU
		{2F31D52D-C167-4F30-BD9F-0F2DF66BB4B8}.Release|Any CPU.Build.0 = Release|Any CPU
		{063349A3-FC55-460E-9E21-78C4D2AA7B81}.Debug|Any CPU.ActiveCfg = Debug|Any CPU
		{063349A3-FC55-460E-9E21-78C4D2AA7B81}.Debug|Any CPU.Build.0 = Debug|Any CPU
		{063349A3-FC55-460E-9E21-78C4D2AA7B81}.Release|Any CPU.ActiveCfg = Release|Any CPU
		{063349A3-FC55-460E-9E21-78C4D2AA7B81}.Release|Any CPU.Build.0 = Release|Any CPU
		{DE810DF3-0520-4782-9444-A00E2FA44A44}.Debug|Any CPU.ActiveCfg = Debug|Any CPU
		{DE810DF3-0520-4782-9444-A00E2FA44A44}.Debug|Any CPU.Build.0 = Debug|Any CPU
		{DE810DF3-0520-4782-9444-A00E2FA44A44}.Release|Any CPU.ActiveCfg = Release|Any CPU
		{DE810DF3-0520-4782-9444-A00E2FA44A44}.Release|Any CPU.Build.0 = Release|Any CPU
		{8146AE4B-9499-43F4-9DD7-65045BE716B5}.Debug|Any CPU.ActiveCfg = Debug|Any CPU
		{8146AE4B-9499-43F4-9DD7-65045BE716B5}.Debug|Any CPU.Build.0 = Debug|Any CPU
		{8146AE4B-9499-43F4-9DD7-65045BE716B5}.Release|Any CPU.ActiveCfg = Release|Any CPU
		{8146AE4B-9499-43F4-9DD7-65045BE716B5}.Release|Any CPU.Build.0 = Release|Any CPU
		{8D5012BA-9274-4F65-889A-A1FC273EF549}.Debug|Any CPU.ActiveCfg = Debug|Any CPU
		{8D5012BA-9274-4F65-889A-A1FC273EF549}.Debug|Any CPU.Build.0 = Debug|Any CPU
		{8D5012BA-9274-4F65-889A-A1FC273EF549}.Release|Any CPU.ActiveCfg = Release|Any CPU
		{8D5012BA-9274-4F65-889A-A1FC273EF549}.Release|Any CPU.Build.0 = Release|Any CPU
	EndGlobalSection
	GlobalSection(SolutionProperties) = preSolution
		HideSolutionNode = FALSE
	EndGlobalSection
	GlobalSection(NestedProjects) = preSolution
		{F4856035-DCEF-4321-82A7-61138E193AE7} = {4419B31B-7F33-44EA-BB1F-6B0575D46BD9}
		{88363EC4-F7A8-4AEE-B117-8197CFA655D1} = {F4856035-DCEF-4321-82A7-61138E193AE7}
		{E1D4CEA1-2FE2-4526-BB9D-8F4DB7DB75E7} = {4419B31B-7F33-44EA-BB1F-6B0575D46BD9}
		{2F31D52D-C167-4F30-BD9F-0F2DF66BB4B8} = {E1D4CEA1-2FE2-4526-BB9D-8F4DB7DB75E7}
		{EB36CF00-FDD1-49F4-AFB1-524CAEC18E21} = {4419B31B-7F33-44EA-BB1F-6B0575D46BD9}
		{063349A3-FC55-460E-9E21-78C4D2AA7B81} = {EB36CF00-FDD1-49F4-AFB1-524CAEC18E21}
		{DE810DF3-0520-4782-9444-A00E2FA44A44} = {7E27A1B3-5B8D-4722-BC3E-FB7CE9C08CA8}
		{8146AE4B-9499-43F4-9DD7-65045BE716B5} = {EB36CF00-FDD1-49F4-AFB1-524CAEC18E21}
		{6119553A-FE51-4E23-A9DA-F4ED7583ADF6} = {4419B31B-7F33-44EA-BB1F-6B0575D46BD9}
		{8D5012BA-9274-4F65-889A-A1FC273EF549} = {6119553A-FE51-4E23-A9DA-F4ED7583ADF6}
	EndGlobalSection
	GlobalSection(ExtensibilityGlobals) = postSolution
		SolutionGuid = {90D6083A-AAB7-412C-85F1-E5AD3FADE405}
	EndGlobalSection
EndGlobal
